
Microsoft Visual Studio Solution File, Format Version 12.00
# Visual Studio 15
Project("{FAE04EC0-301F-11D3-BF4B-00C04F79EFBC}") = "dotNetCoreTest", "dotNetCoreTest\dotNetCoreTest.csproj", "{01AF45BB-1F0D-4902-9D03-9B380DE45586}"
EndProject
Project("{FAE04EC0-301F-11D3-BF4B-00C04F79EFBC}") = "BankApiTests", "BankApiTests\BankApiTests.csproj", "{6F349711-5B20-4971-99F4-38DC7B5BAD1A}"
EndProject
Global
	GlobalSection(SolutionConfigurationPlatforms) = preSolution
		Debug|Any CPU = Debug|Any CPU
		Release|Any CPU = Release|Any CPU
	EndGlobalSection
	GlobalSection(ProjectConfigurationPlatforms) = postSolution
		{01AF45BB-1F0D-4902-9D03-9B380DE45586}.Debug|Any CPU.ActiveCfg = Debug|Any CPU
		{01AF45BB-1F0D-4902-9D03-9B380DE45586}.Debug|Any CPU.Build.0 = Debug|Any CPU
		{01AF45BB-1F0D-4902-9D03-9B380DE45586}.Release|Any CPU.ActiveCfg = Release|Any CPU
		{01AF45BB-1F0D-4902-9D03-9B380DE45586}.Release|Any CPU.Build.0 = Release|Any CPU
		{6F349711-5B20-4971-99F4-38DC7B5BAD1A}.Debug|Any CPU.ActiveCfg = Debug|Any CPU
		{6F349711-5B20-4971-99F4-38DC7B5BAD1A}.Debug|Any CPU.Build.0 = Debug|Any CPU
		{6F349711-5B20-4971-99F4-38DC7B5BAD1A}.Release|Any CPU.ActiveCfg = Release|Any CPU
		{6F349711-5B20-4971-99F4-38DC7B5BAD1A}.Release|Any CPU.Build.0 = Release|Any CPU
	EndGlobalSection
EndGlobal
